{
  "name": "unplugin-tdesign-icons-example-rspack-react",
  "version": "0.0.0",
  "lockfileVersion": 3,
  "requires": true,
  "packages": {
    "": {
      "name": "unplugin-tdesign-icons-example-rspack-react",
      "version": "0.0.0",
      "dependencies": {
        "react": "^18.3.0",
        "react-dom": "^18.3.0",
        "tdesign-icons-react": "^0.6.9",
        "unplugin-tdesign-icons": "file:../.."
      },
      "devDependencies": {
        "@rspack/cli": "^2.1.0",
        "@rspack/core": "^2.1.0",
        "@types/react": "^18.3.0",
        "@types/react-dom": "^18.3.0"
      }
    },
    "../..": {
      "name": "unplugin-tdesign-icons",
      "version": "0.1.0",
      "license": "MIT",
      "dependencies": {
        "es-module-lexer": "^2.3.1",
        "magic-string": "^1.1.0",
        "unplugin": "^3.3.0"
      },
      "devDependencies": {
        "@rollup/plugin-node-resolve": "^16.0.3",
        "@rspack/core": "^2.1.8",
        "@types/node": "^22.10.2",
        "esbuild": "^0.28.1",
        "react": "^18.3.1",
        "react-dom": "^18.3.1",
        "rolldown": "^1.2.3",
        "rollup": "^4.30.0",
        "tdesign-icons-react": "^0.6.9",
        "tdesign-icons-vue": "^0.4.9",
        "tdesign-icons-vue-next": "^0.4.9",
        "tdesign-icons-web-components": "^0.3.7",
        "ts-loader": "^9.6.2",
        "tsup": "^8.5.1",
        "typescript": "^5.7.3",
        "vite": "^6.0.0",
        "vitest": "^2.1.8",
        "webpack": "^5.109.2"
      },
      "peerDependencies": {
        "tdesign-icons-react": ">=0.6.0",
        "tdesign-icons-vue": ">=0.4.0",
        "tdesign-icons-vue-next": ">=0.4.0",
        "tdesign-icons-web-components": ">=0.3.0",
        "vite": "^4 || ^5 || ^6 || ^7"
      },
      "peerDependenciesMeta": {
        "tdesign-icons-react": {
          "optional": true
        },
        "tdesign-icons-vue": {
          "optional": true
        },
        "tdesign-icons-vue-next": {
          "optional": true
        },
        "tdesign-icons-web-components": {
          "optional": true
        },
        "vite": {
          "optional": true
        }
      }
    },
    "node_modules/@babel/runtime": {
      "version": "7.29.7",
      "resolved": "https://registry.npmjs.org/@babel/runtime/-/runtime-7.29.7.tgz",
      "integrity": "sha512-Nq8OhGWiZIZGV6hLHoyAKLLcJihP/xFeBMGJoUrxTX2psI8dCifzLhZISFb+VWS3wFMRDmCGw5R+dOySCqPLhw==",
      "license": "MIT",
      "engines": {
        "node": ">=6.9.0"
      }
    },
    "node_modules/@emnapi/core": {
      "version": "1.11.3",
      "resolved": "https://registry.npmjs.org/@emnapi/core/-/core-1.11.3.tgz",
      "integrity": "sha512-zLpS5asjEb7lq8jYLq37N6XKaE41DIexlY1rF/z4/tIl3wo13Sqm28fRyfIsKZD+NZ8mM5RoKkpW/rBcuoSZSg==",
      "dev": true,
      "license": "MIT",
      "optional": true,
      "dependencies": {
        "@emnapi/wasi-threads": "1.2.3",
        "tslib": "^2.4.0"
      }
    },
    "node_modules/@emnapi/runtime": {
      "version": "1.11.3",
      "resolved": "https://registry.npmjs.org/@emnapi/runtime/-/runtime-1.11.3.tgz",
      "integrity": "sha512-Xz4Tpyki7XyrpbUK1jR1AhdAdaXyhhY4lZ3neLodmhpuWfy2PAQN5B46sAiU4liOXGLkHypn/qU+jvfWSCYYLA==",
      "dev": true,
      "license": "MIT",
      "optional": true,
      "dependencies": {
        "tslib": "^2.4.0"
      }
    },
    "node_modules/@emnapi/wasi-threads": {
      "version": "1.2.3",
      "resolved": "https://registry.npmjs.org/@emnapi/wasi-threads/-/wasi-threads-1.2.3.tgz",
      "integrity": "sha512-ELEBe8PsLvvJ6QMr0zLt8ffvOHW/dc1m3CEzNMg7aJUv3bMaoDtw2TXyDAwkYBuroxxuHEwhRTLJSe5sya547g==",
      "dev": true,
      "license": "MIT",
      "optional": true,
      "dependencies": {
        "tslib": "^2.4.0"
      }
    },
    "node_modules/@napi-rs/wasm-runtime": {
      "version": "1.1.6",
      "resolved": "https://registry.npmjs.org/@napi-rs/wasm-runtime/-/wasm-runtime-1.1.6.tgz",
      "integrity": "sha512-ZLv/JdUfkvOy9eCnnBaGfiO+XimbjebAeO+MRQqD/B+FR1tnRN0tpKSJHRbE8sFfS6aqsXZ67TQjfwfsxULVbg==",
      "dev": true,
      "license": "MIT",
      "optional": true,
      "dependencies": {
        "@tybys/wasm-util": "^0.10.3"
      },
      "funding": {
        "type": "github",
        "url": "https://github.com/sponsors/Brooooooklyn"
      },
      "peerDependencies": {
        "@emnapi/core": "^1.7.1",
        "@emnapi/runtime": "^1.7.1"
      }
    },
    "node_modules/@rspack/binding": {
      "version": "2.1.8",
      "resolved": "https://registry.npmjs.org/@rspack/binding/-/binding-2.1.8.tgz",
      "integrity": "sha512-tmAyHzDbPiy8V7HvQqtuPsbs6dPgwV0YjzW5XrPRV9gzf+Hdm7pvsZJKE1QKO9WV5RuvGYav98xIX6O+abZxzQ==",
      "dev": true,
      "license": "MIT",
      "optionalDependencies": {
        "@rspack/binding-darwin-arm64": "2.1.8",
        "@rspack/binding-darwin-x64": "2.1.8",
        "@rspack/binding-linux-arm64-gnu": "2.1.8",
        "@rspack/binding-linux-arm64-musl": "2.1.8",
        "@rspack/binding-linux-riscv64-gnu": "2.1.8",
        "@rspack/binding-linux-riscv64-musl": "2.1.8",
        "@rspack/binding-linux-x64-gnu": "2.1.8",
        "@rspack/binding-linux-x64-musl": "2.1.8",
        "@rspack/binding-wasm32-wasi": "2.1.8",
        "@rspack/binding-win32-arm64-msvc": "2.1.8",
        "@rspack/binding-win32-ia32-msvc": "2.1.8",
        "@rspack/binding-win32-x64-msvc": "2.1.8"
      }
    },
    "node_modules/@rspack/binding-darwin-arm64": {
      "version": "2.1.8",
      "resolved": "https://registry.npmjs.org/@rspack/binding-darwin-arm64/-/binding-darwin-arm64-2.1.8.tgz",
      "integrity": "sha512-kia+eWtyWPvR4ntg1bWYoVU8nLPbUg2fG3zgBEocsTcsh5ZENSiEPxEKymDgMyIMONUqj611E0775cdUBoNmqw==",
      "cpu": [
        "arm64"
      ],
      "dev": true,
      "license": "MIT",
      "optional": true,
      "os": [
        "darwin"
      ]
    },
    "node_modules/@rspack/binding-darwin-x64": {
      "version": "2.1.8",
      "resolved": "https://registry.npmjs.org/@rspack/binding-darwin-x64/-/binding-darwin-x64-2.1.8.tgz",
      "integrity": "sha512-08pBkFhlD3Y3Qzh94w/Fc3skaIE3e96kl2P14m8+tnYTcglpOfpA2OwS3iHt9fOqy0HjoAVe6/MW3cBgs5iabA==",
      "cpu": [
        "x64"
      ],
      "dev": true,
      "license": "MIT",
      "optional": true,
      "os": [
        "darwin"
      ]
    },
    "node_modules/@rspack/binding-linux-arm64-gnu": {
      "version": "2.1.8",
      "resolved": "https://registry.npmjs.org/@rspack/binding-linux-arm64-gnu/-/binding-linux-arm64-gnu-2.1.8.tgz",
      "integrity": "sha512-KLniMc9GzhKpVqhPzaJo3KJwzdAllXVVqZIk/uL1QipXOxs57fgM4u7IexKPFVla0o/u1PQG/Ah2YLDmda24Ow==",
      "cpu": [
        "arm64"
      ],
      "dev": true,
      "license": "MIT",
      "optional": true,
      "os": [
        "linux"
      ]
    },
    "node_modules/@rspack/binding-linux-arm64-musl": {
      "version": "2.1.8",
      "resolved": "https://registry.npmjs.org/@rspack/binding-linux-arm64-musl/-/binding-linux-arm64-musl-2.1.8.tgz",
      "integrity": "sha512-yUKAxHNGnICtw5RnxFWu4dHtsz/tdt7rbeFcsINNVre9HcrRxf5XP+FbOGL/SMxd9oM9XCo10paU2WckTKwbEA==",
      "cpu": [
        "arm64"
      ],
      "dev": true,
      "license": "MIT",
      "optional": true,
      "os": [
        "linux"
      ]
    },
    "node_modules/@rspack/binding-linux-riscv64-gnu": {
      "version": "2.1.8",
      "resolved": "https://registry.npmjs.org/@rspack/binding-linux-riscv64-gnu/-/binding-linux-riscv64-gnu-2.1.8.tgz",
      "integrity": "sha512-gg4S1jaitwYPHR9HZ3zNGH1EK2GXINm66p4kEpOP1gbc+akyOouVF/dMcu9NGPlRg58FbEhVRZYKu7Z/zcpKHg==",
      "cpu": [
        "riscv64"
      ],
      "dev": true,
      "license": "MIT",
      "optional": true,
      "os": [
        "linux"
      ]
    },
    "node_modules/@rspack/binding-linux-riscv64-musl": {
      "version": "2.1.8",
      "resolved": "https://registry.npmjs.org/@rspack/binding-linux-riscv64-musl/-/binding-linux-riscv64-musl-2.1.8.tgz",
      "integrity": "sha512-b/aU5j1h368SLNyz5u+flqpZVhzSZ1UIslaj9sZJuAvqkGWv3xsjc/28/PTo/RYXCxd0FNVAxTxWHKvRiAAS8w==",
      "cpu": [
        "riscv64"
      ],
      "dev": true,
      "license": "MIT",
      "optional": true,
      "os": [
        "linux"
      ]
    },
    "node_modules/@rspack/binding-linux-x64-gnu": {
      "version": "2.1.8",
      "resolved": "https://registry.npmjs.org/@rspack/binding-linux-x64-gnu/-/binding-linux-x64-gnu-2.1.8.tgz",
      "integrity": "sha512-EyegohSx0BJRqieCg9f/caCqFARRWkqI5hwJt6k530MoOTLeq8I3vsbeg24/2MktwIC1dmJi8bl0+WhPKQs4eQ==",
      "cpu": [
        "x64"
      ],
      "dev": true,
      "license": "MIT",
      "optional": true,
      "os": [
        "linux"
      ]
    },
    "node_modules/@rspack/binding-linux-x64-musl": {
      "version": "2.1.8",
      "resolved": "https://registry.npmjs.org/@rspack/binding-linux-x64-musl/-/binding-linux-x64-musl-2.1.8.tgz",
      "integrity": "sha512-I6E+goN+UQ297q4r1qdbiAyNCI3t0+a5Y0xDIAPOZfRDRxDTnH/LF8/y65gjsJoKRKyn7zxRC0T/NURTkRNQ9A==",
      "cpu": [
        "x64"
      ],
      "dev": true,
      "license": "MIT",
      "optional": true,
      "os": [
        "linux"
      ]
    },
    "node_modules/@rspack/binding-wasm32-wasi": {
      "version": "2.1.8",
      "resolved": "https://registry.npmjs.org/@rspack/binding-wasm32-wasi/-/binding-wasm32-wasi-2.1.8.tgz",
      "integrity": "sha512-om7GAKWAU3lcSvbCon2m7mzw8v9OTrO2LW2MZ1lGe/uVJJmwGGkl9HVoXFyWFLrN6YVFyx8iP+AkN4owDWB9Cw==",
      "cpu": [
        "wasm32"
      ],
      "dev": true,
      "license": "MIT",
      "optional": true,
      "dependencies": {
        "@emnapi/core": "1.11.3",
        "@emnapi/runtime": "1.11.3",
        "@napi-rs/wasm-runtime": "1.1.6"
      }
    },
    "node_modules/@rspack/binding-win32-arm64-msvc": {
      "version": "2.1.8",
      "resolved": "https://registry.npmjs.org/@rspack/binding-win32-arm64-msvc/-/binding-win32-arm64-msvc-2.1.8.tgz",
      "integrity": "sha512-WDnsP/SUb9zbxyGX9XjPw5AXrX86u5oidn0MDdfJduOOqdCSpHwmRjlQ8NUJhbBq9WqVJMFlcab7NwZVWX/yyg==",
      "cpu": [
        "arm64"
      ],
      "dev": true,
      "license": "MIT",
      "optional": true,
      "os": [
        "win32"
      ]
    },
    "node_modules/@rspack/binding-win32-ia32-msvc": {
      "version": "2.1.8",
      "resolved": "https://registry.npmjs.org/@rspack/binding-win32-ia32-msvc/-/binding-win32-ia32-msvc-2.1.8.tgz",
      "integrity": "sha512-QiMQMPNDiY3dhhaIdaFPzcPDC06cEYkNY89ea+EmDvNVgZq6V+2mFS/WnzZVMeEbGAYJCjsv/ABhhLT1hlYMvg==",
      "cpu": [
        "ia32"
      ],
      "dev": true,
      "license": "MIT",
      "optional": true,
      "os": [
        "win32"
      ]
    },
    "node_modules/@rspack/binding-win32-x64-msvc": {
      "version": "2.1.8",
      "resolved": "https://registry.npmjs.org/@rspack/binding-win32-x64-msvc/-/binding-win32-x64-msvc-2.1.8.tgz",
      "integrity": "sha512-b7sA5eB64vo2mbsuc//MOYzVLeCKHPn0dfP/GmNEoHdWbhRgZ/orZLWurYMQj04ELTLW6YCJEy59g5KRzNYHfw==",
      "cpu": [
        "x64"
      ],
      "dev": true,
      "license": "MIT",
      "optional": true,
      "os": [
        "win32"
      ]
    },
    "node_modules/@rspack/cli": {
      "version": "2.1.8",
      "resolved": "https://registry.npmjs.org/@rspack/cli/-/cli-2.1.8.tgz",
      "integrity": "sha512-ewcLmPtmjudUVsPsz7LtuJFJObyFf6ShIC4aAvXra1RAnmzsEigSW+xCNSjXP6gXBZVr2Hsg3vWJJlacdDFacg==",
      "dev": true,
      "license": "MIT",
      "bin": {
        "rspack": "bin/rspack.js"
      },
      "peerDependencies": {
        "@rspack/core": "^2.0.0-0",
        "@rspack/dev-server": "^2.0.0-0"
      },
      "peerDependenciesMeta": {
        "@rspack/dev-server": {
          "optional": true
        }
      }
    },
    "node_modules/@rspack/core": {
      "version": "2.1.8",
      "resolved": "https://registry.npmjs.org/@rspack/core/-/core-2.1.8.tgz",
      "integrity": "sha512-na1kyA6Mj8/LWw9O3A8NsrG9rNKN3Iq2WiXrEuIwsU5r/Nl/evm3hO7bWKHxgsRyydI6W7okwx3MXgf8rzel6g==",
      "dev": true,
      "license": "MIT",
      "dependencies": {
        "@rspack/binding": "2.1.8"
      },
      "engines": {
        "node": "^20.19.0 || >=22.12.0"
      },
      "peerDependencies": {
        "@module-federation/runtime-tools": "^0.24.1 || ^2.0.0",
        "@swc/helpers": "^0.5.23"
      },
      "peerDependenciesMeta": {
        "@module-federation/runtime-tools": {
          "optional": true
        },
        "@swc/helpers": {
          "optional": true
        }
      }
    },
    "node_modules/@tybys/wasm-util": {
      "version": "0.10.3",
      "resolved": "https://registry.npmjs.org/@tybys/wasm-util/-/wasm-util-0.10.3.tgz",
      "integrity": "sha512-F3fo1MYrRJYL3zER0OUOmkutjr1Vp23m7OsSgp7nq4SP6OqX6C/56XFIPAl5bt3zaBRjmW7SGz3u/6LwFpYcOg==",
      "dev": true,
      "license": "MIT",
      "optional": true,
      "dependencies": {
        "tslib": "^2.4.0"
      }
    },
    "node_modules/@types/prop-types": {
      "version": "15.7.15",
      "resolved": "https://registry.npmjs.org/@types/prop-types/-/prop-types-15.7.15.tgz",
      "integrity": "sha512-F6bEyamV9jKGAFBEmlQnesRPGOQqS2+Uwi0Em15xenOxHaf2hv6L8YCVn3rPdPJOiJfPiCnLIRyvwVaqMY3MIw==",
      "dev": true,
      "license": "MIT"
    },
    "node_modules/@types/react": {
      "version": "18.3.31",
      "resolved": "https://registry.npmjs.org/@types/react/-/react-18.3.31.tgz",
      "integrity": "sha512-vfEqpXTvwT91yhmwdfouStN2hSKwTvyRs8qpLfADyrq/kxDw0hZM7Wk9Ug1FELj8hIby+S/+kQCSRFF32nv2Qw==",
      "dev": true,
      "license": "MIT",
      "dependencies": {
        "@types/prop-types": "*",
        "csstype": "^3.2.2"
      }
    },
    "node_modules/@types/react-dom": {
      "version": "18.3.7",
      "resolved": "https://registry.npmjs.org/@types/react-dom/-/react-dom-18.3.7.tgz",
      "integrity": "sha512-MEe3UeoENYVFXzoXEWsvcpg6ZvlrFNlOQ7EOsvhI3CfAXwzPfO8Qwuxd40nepsYKqyyVQnTdEfv68q91yLcKrQ==",
      "dev": true,
      "license": "MIT",
      "peerDependencies": {
        "@types/react": "^18.0.0"
      }
    },
    "node_modules/classnames": {
      "version": "2.5.1",
      "resolved": "https://registry.npmjs.org/classnames/-/classnames-2.5.1.tgz",
      "integrity": "sha512-saHYOzhIQs6wy2sVxTM6bUDsQO4F50V9RQ22qBpEdCW+I+/Wmke2HOl6lS6dTpdxVhb88/I6+Hs+438c3lfUow==",
      "license": "MIT"
    },
    "node_modules/csstype": {
      "version": "3.2.3",
      "resolved": "https://registry.npmjs.org/csstype/-/csstype-3.2.3.tgz",
      "integrity": "sha512-z1HGKcYy2xA8AGQfwrn0PAy+PB7X/GSj3UVJW9qKyn43xWa+gl5nXmU4qqLMRzWVLFC8KusUX8T/0kCiOYpAIQ==",
      "dev": true,
      "license": "MIT"
    },
    "node_modules/js-tokens": {
      "version": "4.0.0",
      "resolved": "https://registry.npmjs.org/js-tokens/-/js-tokens-4.0.0.tgz",
      "integrity": "sha512-RdJUflcE3cUzKiMqQgsCu06FPu9UdIJO0beYbPhHN4k6apgJtifcoCtT9bcxOpYBtpD2kCM6Sbzg4CausW/PKQ==",
      "license": "MIT"
    },
    "node_modules/loose-envify": {
      "version": "1.4.0",
      "resolved": "https://registry.npmjs.org/loose-envify/-/loose-envify-1.4.0.tgz",
      "integrity": "sha512-lyuxPGr/Wfhrlem2CL/UcnUc1zcqKAImBDzukY7Y5F/yQiNdko6+fRLevlw1HgMySw7f611UIY408EtxRSoK3Q==",
      "license": "MIT",
      "dependencies": {
        "js-tokens": "^3.0.0 || ^4.0.0"
      },
      "bin": {
        "loose-envify": "cli.js"
      }
    },
    "node_modules/react": {
      "version": "18.3.1",
      "resolved": "https://registry.npmjs.org/react/-/react-18.3.1.tgz",
      "integrity": "sha512-wS+hAgJShR0KhEvPJArfuPVN1+Hz1t0Y6n5jLrGQbkb4urgPE/0Rve+1kMB1v/oWgHgm4WIcV+i7F2pTVj+2iQ==",
      "license": "MIT",
      "dependencies": {
        "loose-envify": "^1.1.0"
      },
      "engines": {
        "node": ">=0.10.0"
      }
    },
    "node_modules/react-dom": {
      "version": "18.3.1",
      "resolved": "https://registry.npmjs.org/react-dom/-/react-dom-18.3.1.tgz",
      "integrity": "sha512-5m4nQKp+rZRb09LNH59GM4BxTh9251/ylbKIbpe7TpGxfJ+9kv6BLkLBXIjjspbgbnIBNqlI23tRnTWT0snUIw==",
      "license": "MIT",
      "dependencies": {
        "loose-envify": "^1.1.0",
        "scheduler": "^0.23.2"
      },
      "peerDependencies": {
        "react": "^18.3.1"
      }
    },
    "node_modules/scheduler": {
      "version": "0.23.2",
      "resolved": "https://registry.npmjs.org/scheduler/-/scheduler-0.23.2.tgz",
      "integrity": "sha512-UOShsPwz7NrMUqhR6t0hWjFduvOzbtv7toDH1/hIrfRNIDBnnBWd0CwJTGvTpngVlmwGCdP9/Zl/tVrDqcuYzQ==",
      "license": "MIT",
      "dependencies": {
        "loose-envify": "^1.1.0"
      }
    },
    "node_modules/tdesign-icons-react": {
      "version": "0.6.9",
      "resolved": "https://registry.npmjs.org/tdesign-icons-react/-/tdesign-icons-react-0.6.9.tgz",
      "integrity": "sha512-MrnZAfQK2wvB3FbTTgHXg+4JgbzWvy0i50Fm0o2iCTQXXrZH1dmvneEF5Vl8xecmwZGm1xOg6Gzn0uxzTCH6gw==",
      "license": "MIT",
      "dependencies": {
        "@babel/runtime": "^7.16.5",
        "classnames": "^2.2.6"
      },
      "peerDependencies": {
        "react": ">=16.13.1",
        "react-dom": ">=16.13.1"
      }
    },
    "node_modules/tslib": {
      "version": "2.8.1",
      "resolved": "https://registry.npmjs.org/tslib/-/tslib-2.8.1.tgz",
      "integrity": "sha512-oJFu94HQb+KVduSUQL7wnpmqnfmLsOA/nAh6b6EH0wCEoK0/mPeXU6c3wKDV83MkOuHPRHtSXKKU99IBazS/2w==",
      "dev": true,
      "license": "0BSD",
      "optional": true
    },
    "node_modules/unplugin-tdesign-icons": {
      "resolved": "../..",
      "link": true
    }
  }
}
